
Microsoft Visual Studio Solution File, Format Version 12.00
# Visual Studio 15
VisualStudioVersion = 15.0.28307.168
MinimumVisualStudioVersion = 10.0.40219.1
Project("{FAE04EC0-301F-11D3-BF4B-00C04F79EFBC}") = "ImageSlicer", "ImageSlicer\ImageSlicer.csproj", "{CEF84DFF-1792-4A33-9E3C-7327BFBC8533}"
EndProject
Global
	GlobalSection(SolutionConfigurationPlatforms) = preSolution
		Debug|Any CPU = Debug|Any CPU
		Release|Any CPU = Release|Any CPU
	EndGlobalSection
	GlobalSection(ProjectConfigurationPlatforms) = postSolution
		{CEF84DFF-1792-4A33-9E3C-7327BFBC8533}.Debug|Any CPU.ActiveCfg = Debug|Any CPU
		{CEF84DFF-1792-4A33-9E3C-7327BFBC8533}.Debug|Any CPU.Build.0 = Debug|Any CPU
		{CEF84DFF-1792-4A33-9E3C-7327BFBC8533}.Release|Any CPU.ActiveCfg = Release|Any CPU
		{CEF84DFF-1792-4A33-9E3C-7327BFBC8533}.Release|Any CPU.Build.0 = Release|Any CPU
	EndGlobalSection
	GlobalSection(SolutionProperties) = preSolution
		HideSolutionNode = FALSE
	EndGlobalSection
	GlobalSection(ExtensibilityGlobals) = postSolution
		SolutionGuid = {9E9789FB-DE1A-4D0D-9FE5-FB5176D24889}
	EndGlobalSection
EndGlobal
